
Microsoft Visual Studio Solution File, Format Version 12.00
# Visual Studio Version 17
VisualStudioVersion = 17.5.002.0
MinimumVisualStudioVersion = 10.0.40219.1
Project("{2150E333-8FDC-42A3-9474-1A3956D46DE8}") = "Labfiles", "Labfiles", "{17838C11-6DB1-406A-B536-152DAEF61507}"
EndProject
Project("{2150E333-8FDC-42A3-9474-1A3956D46DE8}") = "01-prebuild-models", "01-prebuild-models", "{A4CCAC4C-5278-4819-B056-D860F4DA83E6}"
EndProject
Project("{9A19103F-16F7-4668-BE54-9A1E7A4F7556}") = "CSharp", "Labfiles\01-prebuild-models\CSharp\invoicereader.csproj", "{A3D32EAE-4B77-467F-B680-8935B8DEF0F9}"
EndProject
Project("{2150E333-8FDC-42A3-9474-1A3956D46DE8}") = "02-custom-document-intelligence", "02-custom-document-intelligence", "{F935E336-2EB5-4462-8724-C7FF701899B3}"
EndProject
Project("{9A19103F-16F7-4668-BE54-9A1E7A4F7556}") = "C-Sharp", "Labfiles\02-custom-document-intelligence\C-Sharp\test-model.csproj", "{9C8262E2-C3B5-43A1-81B6-A2F2B6945B7B}"
EndProject
Global
	GlobalSection(SolutionConfigurationPlatforms) = preSolution
		Debug|Any CPU = Debug|Any CPU
		Release|Any CPU = Release|Any CPU
	EndGlobalSection
	GlobalSection(ProjectConfigurationPlatforms) = postSolution
		{A3D32EAE-4B77-467F-B680-8935B8DEF0F9}.Debug|Any CPU.ActiveCfg = Debug|Any CPU
		{A3D32EAE-4B77-467F-B680-8935B8DEF0F9}.Debug|Any CPU.Build.0 = Debug|Any CPU
		{A3D32EAE-4B77-467F-B680-8935B8DEF0F9}.Release|Any CPU.ActiveCfg = Release|Any CPU
		{A3D32EAE-4B77-467F-B680-8935B8DEF0F9}.Release|Any CPU.Build.0 = Release|Any CPU
		{9C8262E2-C3B5-43A1-81B6-A2F2B6945B7B}.Debug|Any CPU.ActiveCfg = Debug|Any CPU
		{9C8262E2-C3B5-43A1-81B6-A2F2B6945B7B}.Debug|Any CPU.Build.0 = Debug|Any CPU
		{9C8262E2-C3B5-43A1-81B6-A2F2B6945B7B}.Release|Any CPU.ActiveCfg = Release|Any CPU
		{9C8262E2-C3B5-43A1-81B6-A2F2B6945B7B}.Release|Any CPU.Build.0 = Release|Any CPU
	EndGlobalSection
	GlobalSection(SolutionProperties) = preSolution
		HideSolutionNode = FALSE
	EndGlobalSection
	GlobalSection(NestedProjects) = preSolution
		{A4CCAC4C-5278-4819-B056-D860F4DA83E6} = {17838C11-6DB1-406A-B536-152DAEF61507}
		{F935E336-2EB5-4462-8724-C7FF701899B3} = {17838C11-6DB1-406A-B536-152DAEF61507}
	EndGlobalSection
	GlobalSection(ExtensibilityGlobals) = postSolution
		SolutionGuid = {D6A59BB8-1DF0-4D70-8319-0695104D6C51}
	EndGlobalSection
EndGlobal
